
Microsoft Visual Studio Solution File, Format Version 12.00
# Visual Studio Version 17
VisualStudioVersion = 17.1.32407.343
MinimumVisualStudioVersion = 10.0.40219.1
Project("{FAE04EC0-301F-11D3-BF4B-00C04F79EFBC}") = "MvcJv", "MvcJv\MvcJv.csproj", "{F005D8CF-29DD-4972-9DFF-AE39BB33320C}"
EndProject
Global
	GlobalSection(SolutionConfigurationPlatforms) = preSolution
		Debug|Any CPU = Debug|Any CPU
		Release|Any CPU = Release|Any CPU
	EndGlobalSection
	GlobalSection(ProjectConfigurationPlatforms) = postSolution
		{F005D8CF-29DD-4972-9DFF-AE39BB33320C}.Debug|Any CPU.ActiveCfg = Debug|Any CPU
		{F005D8CF-29DD-4972-9DFF-AE39BB33320C}.Debug|Any CPU.Build.0 = Debug|Any CPU
		{F005D8CF-29DD-4972-9DFF-AE39BB33320C}.Release|Any CPU.ActiveCfg = Release|Any CPU
		{F005D8CF-29DD-4972-9DFF-AE39BB33320C}.Release|Any CPU.Build.0 = Release|Any CPU
	EndGlobalSection
	GlobalSection(SolutionProperties) = preSolution
		HideSolutionNode = FALSE
	EndGlobalSection
	GlobalSection(ExtensibilityGlobals) = postSolution
		SolutionGuid = {14061955-4493-49A8-B09A-92F86172ABAC}
	EndGlobalSection
EndGlobal
